
Microsoft Visual Studio Solution File, Format Version 12.00
# Visual Studio Version 16
VisualStudioVersion = 16.0.30523.141
MinimumVisualStudioVersion = 10.0.40219.1
Project("{9A19103F-16F7-4668-BE54-9A1E7A4F7556}") = "tacocatMVC", "tacocatMVC.csproj", "{15683C3B-69B1-4790-A028-545FD98F7CF9}"
EndProject
Global
	GlobalSection(SolutionConfigurationPlatforms) = preSolution
		Debug|Any CPU = Debug|Any CPU
		Release|Any CPU = Release|Any CPU
	EndGlobalSection
	GlobalSection(ProjectConfigurationPlatforms) = postSolution
		{15683C3B-69B1-4790-A028-545FD98F7CF9}.Debug|Any CPU.ActiveCfg = Debug|Any CPU
		{15683C3B-69B1-4790-A028-545FD98F7CF9}.Debug|Any CPU.Build.0 = Debug|Any CPU
		{15683C3B-69B1-4790-A028-545FD98F7CF9}.Release|Any CPU.ActiveCfg = Release|Any CPU
		{15683C3B-69B1-4790-A028-545FD98F7CF9}.Release|Any CPU.Build.0 = Release|Any CPU
	EndGlobalSection
	GlobalSection(SolutionProperties) = preSolution
		HideSolutionNode = FALSE
	EndGlobalSection
	GlobalSection(ExtensibilityGlobals) = postSolution
		SolutionGuid = {E656C2D5-DBBC-4903-BB43-8D26B30D37AB}
	EndGlobalSection
EndGlobal
